
Microsoft Visual Studio Solution File, Format Version 12.00
Project("{FAE04EC0-301F-11D3-BF4B-00C04F79EFBC}") = "LetsDoIt.ToDoApi.BunsenBurner.Tests", "tests\LetsDoIt.ToDoApi.BunsenBurner.Tests\LetsDoIt.ToDoApi.BunsenBurner.Tests.csproj", "{FEA19BDD-9F58-43AB-8D89-77927C87C9F4}"
EndProject
Project("{FAE04EC0-301F-11D3-BF4B-00C04F79EFBC}") = "ToDo.Api", "src\ToDo.Api\ToDo.Api.csproj", "{8A0DF937-4C11-4C9F-BB22-7FE35E543499}"
EndProject
Project("{2150E333-8FDC-42A3-9474-1A3956D46DE8}") = "Tests", "Tests", "{FD3A808D-2AE7-46C3-8706-F9C77BD5B294}"
EndProject
Project("{2150E333-8FDC-42A3-9474-1A3956D46DE8}") = "APIs", "APIs", "{67C29CF9-550D-4481-A220-CCD980152917}"
EndProject
Project("{FAE04EC0-301F-11D3-BF4B-00C04F79EFBC}") = "LetsDoIt.ToDoApi.Tests", "tests\LetsDoIt.ToDoApi.Tests\LetsDoIt.ToDoApi.Tests.csproj", "{D63DA906-31D7-41F2-947D-3488FB0427DD}"
EndProject
Project("{2150E333-8FDC-42A3-9474-1A3956D46DE8}") = "Azure", "Azure", "{18C053F1-DA22-43B0-8733-55D219B97E9B}"
EndProject
Project("{FAE04EC0-301F-11D3-BF4B-00C04F79EFBC}") = "IsolatedFunctions", "src\Azure\IsolatedFunctions\IsolatedFunctions\IsolatedFunctions.csproj", "{14508975-6654-4490-9CDC-75AC99805D0D}"
EndProject
Global
	GlobalSection(SolutionConfigurationPlatforms) = preSolution
		Debug|Any CPU = Debug|Any CPU
		Release|Any CPU = Release|Any CPU
	EndGlobalSection
	GlobalSection(ProjectConfigurationPlatforms) = postSolution
		{FEA19BDD-9F58-43AB-8D89-77927C87C9F4}.Debug|Any CPU.ActiveCfg = Debug|Any CPU
		{FEA19BDD-9F58-43AB-8D89-77927C87C9F4}.Debug|Any CPU.Build.0 = Debug|Any CPU
		{FEA19BDD-9F58-43AB-8D89-77927C87C9F4}.Release|Any CPU.ActiveCfg = Release|Any CPU
		{FEA19BDD-9F58-43AB-8D89-77927C87C9F4}.Release|Any CPU.Build.0 = Release|Any CPU
		{8A0DF937-4C11-4C9F-BB22-7FE35E543499}.Debug|Any CPU.ActiveCfg = Debug|Any CPU
		{8A0DF937-4C11-4C9F-BB22-7FE35E543499}.Debug|Any CPU.Build.0 = Debug|Any CPU
		{8A0DF937-4C11-4C9F-BB22-7FE35E543499}.Release|Any CPU.ActiveCfg = Release|Any CPU
		{8A0DF937-4C11-4C9F-BB22-7FE35E543499}.Release|Any CPU.Build.0 = Release|Any CPU
		{D63DA906-31D7-41F2-947D-3488FB0427DD}.Debug|Any CPU.ActiveCfg = Debug|Any CPU
		{D63DA906-31D7-41F2-947D-3488FB0427DD}.Debug|Any CPU.Build.0 = Debug|Any CPU
		{D63DA906-31D7-41F2-947D-3488FB0427DD}.Release|Any CPU.ActiveCfg = Release|Any CPU
		{D63DA906-31D7-41F2-947D-3488FB0427DD}.Release|Any CPU.Build.0 = Release|Any CPU
		{14508975-6654-4490-9CDC-75AC99805D0D}.Debug|Any CPU.ActiveCfg = Debug|Any CPU
		{14508975-6654-4490-9CDC-75AC99805D0D}.Debug|Any CPU.Build.0 = Debug|Any CPU
		{14508975-6654-4490-9CDC-75AC99805D0D}.Release|Any CPU.ActiveCfg = Release|Any CPU
		{14508975-6654-4490-9CDC-75AC99805D0D}.Release|Any CPU.Build.0 = Release|Any CPU
	EndGlobalSection
	GlobalSection(NestedProjects) = preSolution
		{FEA19BDD-9F58-43AB-8D89-77927C87C9F4} = {FD3A808D-2AE7-46C3-8706-F9C77BD5B294}
		{8A0DF937-4C11-4C9F-BB22-7FE35E543499} = {67C29CF9-550D-4481-A220-CCD980152917}
		{D63DA906-31D7-41F2-947D-3488FB0427DD} = {FD3A808D-2AE7-46C3-8706-F9C77BD5B294}
		{14508975-6654-4490-9CDC-75AC99805D0D} = {18C053F1-DA22-43B0-8733-55D219B97E9B}
	EndGlobalSection
EndGlobal
